
Microsoft Visual Studio Solution File, Format Version 12.00
# Visual Studio Version 17
VisualStudioVersion = 17.11.35222.181
MinimumVisualStudioVersion = 10.0.40219.1
Project("{FAE04EC0-301F-11D3-BF4B-00C04F79EFBC}") = "ej1", "ej1\ej1.csproj", "{DDDF0615-9960-4165-9281-3BB5C83A119E}"
EndProject
Project("{FAE04EC0-301F-11D3-BF4B-00C04F79EFBC}") = "ej2", "ej2\ej2.csproj", "{56D25B3A-6E3E-4A3B-A9C8-EDFC2AF3FD7E}"
EndProject
Global
	GlobalSection(SolutionConfigurationPlatforms) = preSolution
		Debug|Any CPU = Debug|Any CPU
		Release|Any CPU = Release|Any CPU
	EndGlobalSection
	GlobalSection(ProjectConfigurationPlatforms) = postSolution
		{DDDF0615-9960-4165-9281-3BB5C83A119E}.Debug|Any CPU.ActiveCfg = Debug|Any CPU
		{DDDF0615-9960-4165-9281-3BB5C83A119E}.Debug|Any CPU.Build.0 = Debug|Any CPU
		{DDDF0615-9960-4165-9281-3BB5C83A119E}.Release|Any CPU.ActiveCfg = Release|Any CPU
		{DDDF0615-9960-4165-9281-3BB5C83A119E}.Release|Any CPU.Build.0 = Release|Any CPU
		{56D25B3A-6E3E-4A3B-A9C8-EDFC2AF3FD7E}.Debug|Any CPU.ActiveCfg = Debug|Any CPU
		{56D25B3A-6E3E-4A3B-A9C8-EDFC2AF3FD7E}.Debug|Any CPU.Build.0 = Debug|Any CPU
		{56D25B3A-6E3E-4A3B-A9C8-EDFC2AF3FD7E}.Release|Any CPU.ActiveCfg = Release|Any CPU
		{56D25B3A-6E3E-4A3B-A9C8-EDFC2AF3FD7E}.Release|Any CPU.Build.0 = Release|Any CPU
	EndGlobalSection
	GlobalSection(SolutionProperties) = preSolution
		HideSolutionNode = FALSE
	EndGlobalSection
	GlobalSection(ExtensibilityGlobals) = postSolution
		SolutionGuid = {C23F6DB6-5F9C-4EAC-B09A-35CB96CCC82A}
	EndGlobalSection
EndGlobal
